
Microsoft Visual Studio Solution File, Format Version 12.00
# Visual Studio Version 17
VisualStudioVersion = 17.6.33829.357
MinimumVisualStudioVersion = 10.0.40219.1
Project("{FAE04EC0-301F-11D3-BF4B-00C04F79EFBC}") = "Tablica", "Tablica.csproj", "{C615CFD9-CD7C-40F4-9D03-E1339379B9C1}"
EndProject
Global
	GlobalSection(SolutionConfigurationPlatforms) = preSolution
		Debug|Any CPU = Debug|Any CPU
		Release|Any CPU = Release|Any CPU
	EndGlobalSection
	GlobalSection(ProjectConfigurationPlatforms) = postSolution
		{C615CFD9-CD7C-40F4-9D03-E1339379B9C1}.Debug|Any CPU.ActiveCfg = Debug|Any CPU
		{C615CFD9-CD7C-40F4-9D03-E1339379B9C1}.Debug|Any CPU.Build.0 = Debug|Any CPU
		{C615CFD9-CD7C-40F4-9D03-E1339379B9C1}.Release|Any CPU.ActiveCfg = Release|Any CPU
		{C615CFD9-CD7C-40F4-9D03-E1339379B9C1}.Release|Any CPU.Build.0 = Release|Any CPU
	EndGlobalSection
	GlobalSection(SolutionProperties) = preSolution
		HideSolutionNode = FALSE
	EndGlobalSection
	GlobalSection(ExtensibilityGlobals) = postSolution
		SolutionGuid = {B5689334-6681-4A48-AAB2-B55F243FBCA9}
	EndGlobalSection
EndGlobal
